
Microsoft Visual Studio Solution File, Format Version 12.00
# Visual Studio 15
VisualStudioVersion = 15.0.27703.2000
MinimumVisualStudioVersion = 10.0.40219.1
Project("{FAE04EC0-301F-11D3-BF4B-00C04F79EFBC}") = "ImageNameCleanup.Script", "ImageNameCleanup.Script\ImageNameCleanup.Script.csproj", "{E5474F79-76A4-4F75-8A28-F19BD379CF9E}"
EndProject
Project("{FAE04EC0-301F-11D3-BF4B-00C04F79EFBC}") = "ImageNameCleanup.Logging", "ImageNameCleanup.Logging\ImageNameCleanup.Logging.csproj", "{5CFA3A81-6931-4A66-B6B3-DD31F60BFA7D}"
EndProject
Project("{FAE04EC0-301F-11D3-BF4B-00C04F79EFBC}") = "ImageNameCleanup.Logging.NLog", "ImageNameCleanup.Logging.NLog\ImageNameCleanup.Logging.NLog.csproj", "{0FCC9D0C-E925-43A2-9638-9AD397F80F5D}"
EndProject
Global
	GlobalSection(SolutionConfigurationPlatforms) = preSolution
		Debug|Any CPU = Debug|Any CPU
		Debug|x64 = Debug|x64
		Release|Any CPU = Release|Any CPU
		Release|x64 = Release|x64
	EndGlobalSection
	GlobalSection(ProjectConfigurationPlatforms) = postSolution
		{E5474F79-76A4-4F75-8A28-F19BD379CF9E}.Debug|Any CPU.ActiveCfg = Debug|Any CPU
		{E5474F79-76A4-4F75-8A28-F19BD379CF9E}.Debug|Any CPU.Build.0 = Debug|Any CPU
		{E5474F79-76A4-4F75-8A28-F19BD379CF9E}.Debug|x64.ActiveCfg = Debug|x64
		{E5474F79-76A4-4F75-8A28-F19BD379CF9E}.Debug|x64.Build.0 = Debug|x64
		{E5474F79-76A4-4F75-8A28-F19BD379CF9E}.Release|Any CPU.ActiveCfg = Release|Any CPU
		{E5474F79-76A4-4F75-8A28-F19BD379CF9E}.Release|Any CPU.Build.0 = Release|Any CPU
		{E5474F79-76A4-4F75-8A28-F19BD379CF9E}.Release|x64.ActiveCfg = Release|x64
		{E5474F79-76A4-4F75-8A28-F19BD379CF9E}.Release|x64.Build.0 = Release|x64
		{5CFA3A81-6931-4A66-B6B3-DD31F60BFA7D}.Debug|Any CPU.ActiveCfg = Debug|Any CPU
		{5CFA3A81-6931-4A66-B6B3-DD31F60BFA7D}.Debug|Any CPU.Build.0 = Debug|Any CPU
		{5CFA3A81-6931-4A66-B6B3-DD31F60BFA7D}.Debug|x64.ActiveCfg = Debug|Any CPU
		{5CFA3A81-6931-4A66-B6B3-DD31F60BFA7D}.Debug|x64.Build.0 = Debug|Any CPU
		{5CFA3A81-6931-4A66-B6B3-DD31F60BFA7D}.Release|Any CPU.ActiveCfg = Release|Any CPU
		{5CFA3A81-6931-4A66-B6B3-DD31F60BFA7D}.Release|Any CPU.Build.0 = Release|Any CPU
		{5CFA3A81-6931-4A66-B6B3-DD31F60BFA7D}.Release|x64.ActiveCfg = Release|Any CPU
		{5CFA3A81-6931-4A66-B6B3-DD31F60BFA7D}.Release|x64.Build.0 = Release|Any CPU
		{0FCC9D0C-E925-43A2-9638-9AD397F80F5D}.Debug|Any CPU.ActiveCfg = Debug|Any CPU
		{0FCC9D0C-E925-43A2-9638-9AD397F80F5D}.Debug|Any CPU.Build.0 = Debug|Any CPU
		{0FCC9D0C-E925-43A2-9638-9AD397F80F5D}.Debug|x64.ActiveCfg = Debug|Any CPU
		{0FCC9D0C-E925-43A2-9638-9AD397F80F5D}.Debug|x64.Build.0 = Debug|Any CPU
		{0FCC9D0C-E925-43A2-9638-9AD397F80F5D}.Release|Any CPU.ActiveCfg = Release|Any CPU
		{0FCC9D0C-E925-43A2-9638-9AD397F80F5D}.Release|Any CPU.Build.0 = Release|Any CPU
		{0FCC9D0C-E925-43A2-9638-9AD397F80F5D}.Release|x64.ActiveCfg = Release|Any CPU
		{0FCC9D0C-E925-43A2-9638-9AD397F80F5D}.Release|x64.Build.0 = Release|Any CPU
	EndGlobalSection
	GlobalSection(SolutionProperties) = preSolution
		HideSolutionNode = FALSE
	EndGlobalSection
	GlobalSection(ExtensibilityGlobals) = postSolution
		SolutionGuid = {F1416A2D-15C0-45B5-A350-30E5C5DD9155}
	EndGlobalSection
EndGlobal
